
Microsoft Visual Studio Solution File, Format Version 12.00
# Visual Studio Version 17
VisualStudioVersion = 17.0.31903.59
MinimumVisualStudioVersion = 10.0.40219.1
Project("{2150E333-8FDC-42A3-9474-1A3956D46DE8}") = "src", "src", "{827E0CD3-B72D-47B6-A68D-7590B98EB39B}"
EndProject
Project("{2150E333-8FDC-42A3-9474-1A3956D46DE8}") = "tests", "tests", "{B87B8B00-1B5A-4D68-862B-443E2C6EDFDC}"
EndProject
Project("{FAE04EC0-301F-11D3-BF4B-00C04F79EFBC}") = "Global.Host", "src\Global.Host\Global.Host.csproj", "{B1C7A6D8-2F04-43BC-91BD-66F2504BC96C}"
EndProject
Project("{FAE04EC0-301F-11D3-BF4B-00C04F79EFBC}") = "Global.Manager", "src\Global.Manager\Global.Manager.csproj", "{2B8E9884-0F96-494D-9BDB-24271BFE2D19}"
EndProject
Project("{FAE04EC0-301F-11D3-BF4B-00C04F79EFBC}") = "Global.Access", "src\Global.Access\Global.Access.csproj", "{84574B3C-D170-4AE0-9642-788E1E0E9C8A}"
EndProject
Project("{FAE04EC0-301F-11D3-BF4B-00C04F79EFBC}") = "Global.UnitTests", "tests\Global.UnitTests\Global.UnitTests.csproj", "{92E7FF89-89D4-4A53-A107-BD3F508EB950}"
EndProject
Project("{FAE04EC0-301F-11D3-BF4B-00C04F79EFBC}") = "Global.IntegrationTests", "tests\Global.IntegrationTests\Global.IntegrationTests.csproj", "{C788E950-954B-40CC-865B-FB1E0ED726AB}"
EndProject
Project("{FAE04EC0-301F-11D3-BF4B-00C04F79EFBC}") = "Global.AcceptanceTests", "tests\Global.AcceptanceTests\Global.AcceptanceTests.csproj", "{F7508BAB-A762-4EBC-A35E-57347BDB7243}"
EndProject
Global
	GlobalSection(SolutionConfigurationPlatforms) = preSolution
		Debug|Any CPU = Debug|Any CPU
		Debug|x64 = Debug|x64
		Debug|x86 = Debug|x86
		Release|Any CPU = Release|Any CPU
		Release|x64 = Release|x64
		Release|x86 = Release|x86
	EndGlobalSection
	GlobalSection(ProjectConfigurationPlatforms) = postSolution
		{B1C7A6D8-2F04-43BC-91BD-66F2504BC96C}.Debug|Any CPU.ActiveCfg = Debug|Any CPU
		{B1C7A6D8-2F04-43BC-91BD-66F2504BC96C}.Debug|Any CPU.Build.0 = Debug|Any CPU
		{B1C7A6D8-2F04-43BC-91BD-66F2504BC96C}.Debug|x64.ActiveCfg = Debug|Any CPU
		{B1C7A6D8-2F04-43BC-91BD-66F2504BC96C}.Debug|x64.Build.0 = Debug|Any CPU
		{B1C7A6D8-2F04-43BC-91BD-66F2504BC96C}.Debug|x86.ActiveCfg = Debug|Any CPU
		{B1C7A6D8-2F04-43BC-91BD-66F2504BC96C}.Debug|x86.Build.0 = Debug|Any CPU
		{B1C7A6D8-2F04-43BC-91BD-66F2504BC96C}.Release|Any CPU.ActiveCfg = Release|Any CPU
		{B1C7A6D8-2F04-43BC-91BD-66F2504BC96C}.Release|Any CPU.Build.0 = Release|Any CPU
		{B1C7A6D8-2F04-43BC-91BD-66F2504BC96C}.Release|x64.ActiveCfg = Release|Any CPU
		{B1C7A6D8-2F04-43BC-91BD-66F2504BC96C}.Release|x64.Build.0 = Release|Any CPU
		{B1C7A6D8-2F04-43BC-91BD-66F2504BC96C}.Release|x86.ActiveCfg = Release|Any CPU
		{B1C7A6D8-2F04-43BC-91BD-66F2504BC96C}.Release|x86.Build.0 = Release|Any CPU
		{2B8E9884-0F96-494D-9BDB-24271BFE2D19}.Debug|Any CPU.ActiveCfg = Debug|Any CPU
		{2B8E9884-0F96-494D-9BDB-24271BFE2D19}.Debug|Any CPU.Build.0 = Debug|Any CPU
		{2B8E9884-0F96-494D-9BDB-24271BFE2D19}.Debug|x64.ActiveCfg = Debug|Any CPU
		{2B8E9884-0F96-494D-9BDB-24271BFE2D19}.Debug|x64.Build.0 = Debug|Any CPU
		{2B8E9884-0F96-494D-9BDB-24271BFE2D19}.Debug|x86.ActiveCfg = Debug|Any CPU
		{2B8E9884-0F96-494D-9BDB-24271BFE2D19}.Debug|x86.Build.0 = Debug|Any CPU
		{2B8E9884-0F96-494D-9BDB-24271BFE2D19}.Release|Any CPU.ActiveCfg = Release|Any CPU
		{2B8E9884-0F96-494D-9BDB-24271BFE2D19}.Release|Any CPU.Build.0 = Release|Any CPU
		{2B8E9884-0F96-494D-9BDB-24271BFE2D19}.Release|x64.ActiveCfg = Release|Any CPU
		{2B8E9884-0F96-494D-9BDB-24271BFE2D19}.Release|x64.Build.0 = Release|Any CPU
		{2B8E9884-0F96-494D-9BDB-24271BFE2D19}.Release|x86.ActiveCfg = Release|Any CPU
		{2B8E9884-0F96-494D-9BDB-24271BFE2D19}.Release|x86.Build.0 = Release|Any CPU
		{84574B3C-D170-4AE0-9642-788E1E0E9C8A}.Debug|Any CPU.ActiveCfg = Debug|Any CPU
		{84574B3C-D170-4AE0-9642-788E1E0E9C8A}.Debug|Any CPU.Build.0 = Debug|Any CPU
		{84574B3C-D170-4AE0-9642-788E1E0E9C8A}.Debug|x64.ActiveCfg = Debug|Any CPU
		{84574B3C-D170-4AE0-9642-788E1E0E9C8A}.Debug|x64.Build.0 = Debug|Any CPU
		{84574B3C-D170-4AE0-9642-788E1E0E9C8A}.Debug|x86.ActiveCfg = Debug|Any CPU
		{84574B3C-D170-4AE0-9642-788E1E0E9C8A}.Debug|x86.Build.0 = Debug|Any CPU
		{84574B3C-D170-4AE0-9642-788E1E0E9C8A}.Release|Any CPU.ActiveCfg = Release|Any CPU
		{84574B3C-D170-4AE0-9642-788E1E0E9C8A}.Release|Any CPU.Build.0 = Release|Any CPU
		{84574B3C-D170-4AE0-9642-788E1E0E9C8A}.Release|x64.ActiveCfg = Release|Any CPU
		{84574B3C-D170-4AE0-9642-788E1E0E9C8A}.Release|x64.Build.0 = Release|Any CPU
		{84574B3C-D170-4AE0-9642-788E1E0E9C8A}.Release|x86.ActiveCfg = Release|Any CPU
		{84574B3C-D170-4AE0-9642-788E1E0E9C8A}.Release|x86.Build.0 = Release|Any CPU
		{92E7FF89-89D4-4A53-A107-BD3F508EB950}.Debug|Any CPU.ActiveCfg = Debug|Any CPU
		{92E7FF89-89D4-4A53-A107-BD3F508EB950}.Debug|Any CPU.Build.0 = Debug|Any CPU
		{92E7FF89-89D4-4A53-A107-BD3F508EB950}.Debug|x64.ActiveCfg = Debug|Any CPU
		{92E7FF89-89D4-4A53-A107-BD3F508EB950}.Debug|x64.Build.0 = Debug|Any CPU
		{92E7FF89-89D4-4A53-A107-BD3F508EB950}.Debug|x86.ActiveCfg = Debug|Any CPU
		{92E7FF89-89D4-4A53-A107-BD3F508EB950}.Debug|x86.Build.0 = Debug|Any CPU
		{92E7FF89-89D4-4A53-A107-BD3F508EB950}.Release|Any CPU.ActiveCfg = Release|Any CPU
		{92E7FF89-89D4-4A53-A107-BD3F508EB950}.Release|Any CPU.Build.0 = Release|Any CPU
		{92E7FF89-89D4-4A53-A107-BD3F508EB950}.Release|x64.ActiveCfg = Release|Any CPU
		{92E7FF89-89D4-4A53-A107-BD3F508EB950}.Release|x64.Build.0 = Release|Any CPU
		{92E7FF89-89D4-4A53-A107-BD3F508EB950}.Release|x86.ActiveCfg = Release|Any CPU
		{92E7FF89-89D4-4A53-A107-BD3F508EB950}.Release|x86.Build.0 = Release|Any CPU
		{C788E950-954B-40CC-865B-FB1E0ED726AB}.Debug|Any CPU.ActiveCfg = Debug|Any CPU
		{C788E950-954B-40CC-865B-FB1E0ED726AB}.Debug|Any CPU.Build.0 = Debug|Any CPU
		{C788E950-954B-40CC-865B-FB1E0ED726AB}.Debug|x64.ActiveCfg = Debug|Any CPU
		{C788E950-954B-40CC-865B-FB1E0ED726AB}.Debug|x64.Build.0 = Debug|Any CPU
		{C788E950-954B-40CC-865B-FB1E0ED726AB}.Debug|x86.ActiveCfg = Debug|Any CPU
		{C788E950-954B-40CC-865B-FB1E0ED726AB}.Debug|x86.Build.0 = Debug|Any CPU
		{C788E950-954B-40CC-865B-FB1E0ED726AB}.Release|Any CPU.ActiveCfg = Release|Any CPU
		{C788E950-954B-40CC-865B-FB1E0ED726AB}.Release|Any CPU.Build.0 = Release|Any CPU
		{C788E950-954B-40CC-865B-FB1E0ED726AB}.Release|x64.ActiveCfg = Release|Any CPU
		{C788E950-954B-40CC-865B-FB1E0ED726AB}.Release|x64.Build.0 = Release|Any CPU
		{C788E950-954B-40CC-865B-FB1E0ED726AB}.Release|x86.ActiveCfg = Release|Any CPU
		{C788E950-954B-40CC-865B-FB1E0ED726AB}.Release|x86.Build.0 = Release|Any CPU
		{F7508BAB-A762-4EBC-A35E-57347BDB7243}.Debug|Any CPU.ActiveCfg = Debug|Any CPU
		{F7508BAB-A762-4EBC-A35E-57347BDB7243}.Debug|Any CPU.Build.0 = Debug|Any CPU
		{F7508BAB-A762-4EBC-A35E-57347BDB7243}.Debug|x64.ActiveCfg = Debug|Any CPU
		{F7508BAB-A762-4EBC-A35E-57347BDB7243}.Debug|x64.Build.0 = Debug|Any CPU
		{F7508BAB-A762-4EBC-A35E-57347BDB7243}.Debug|x86.ActiveCfg = Debug|Any CPU
		{F7508BAB-A762-4EBC-A35E-57347BDB7243}.Debug|x86.Build.0 = Debug|Any CPU
		{F7508BAB-A762-4EBC-A35E-57347BDB7243}.Release|Any CPU.ActiveCfg = Release|Any CPU
		{F7508BAB-A762-4EBC-A35E-57347BDB7243}.Release|Any CPU.Build.0 = Release|Any CPU
		{F7508BAB-A762-4EBC-A35E-57347BDB7243}.Release|x64.ActiveCfg = Release|Any CPU
		{F7508BAB-A762-4EBC-A35E-57347BDB7243}.Release|x64.Build.0 = Release|Any CPU
		{F7508BAB-A762-4EBC-A35E-57347BDB7243}.Release|x86.ActiveCfg = Release|Any CPU
		{F7508BAB-A762-4EBC-A35E-57347BDB7243}.Release|x86.Build.0 = Release|Any CPU
	EndGlobalSection
	GlobalSection(SolutionProperties) = preSolution
		HideSolutionNode = FALSE
	EndGlobalSection
	GlobalSection(NestedProjects) = preSolution
		{B1C7A6D8-2F04-43BC-91BD-66F2504BC96C} = {827E0CD3-B72D-47B6-A68D-7590B98EB39B}
		{2B8E9884-0F96-494D-9BDB-24271BFE2D19} = {827E0CD3-B72D-47B6-A68D-7590B98EB39B}
		{84574B3C-D170-4AE0-9642-788E1E0E9C8A} = {827E0CD3-B72D-47B6-A68D-7590B98EB39B}
		{92E7FF89-89D4-4A53-A107-BD3F508EB950} = {B87B8B00-1B5A-4D68-862B-443E2C6EDFDC}
		{C788E950-954B-40CC-865B-FB1E0ED726AB} = {B87B8B00-1B5A-4D68-862B-443E2C6EDFDC}
		{F7508BAB-A762-4EBC-A35E-57347BDB7243} = {B87B8B00-1B5A-4D68-862B-443E2C6EDFDC}
	EndGlobalSection
EndGlobal
